
Microsoft Visual Studio Solution File, Format Version 12.00
# Visual Studio Version 16
VisualStudioVersion = 16.0.30128.74
MinimumVisualStudioVersion = 10.0.40219.1
Project("{FAE04EC0-301F-11D3-BF4B-00C04F79EFBC}") = "LiLiT", "LiLiT\LiLiT.csproj", "{DFAD515B-02C7-498B-AE3D-D2E61F17B55B}"
EndProject
Global
	GlobalSection(SolutionConfigurationPlatforms) = preSolution
		Debug|Any CPU = Debug|Any CPU
		Release|Any CPU = Release|Any CPU
	EndGlobalSection
	GlobalSection(ProjectConfigurationPlatforms) = postSolution
		{DFAD515B-02C7-498B-AE3D-D2E61F17B55B}.Debug|Any CPU.ActiveCfg = Debug|Any CPU
		{DFAD515B-02C7-498B-AE3D-D2E61F17B55B}.Debug|Any CPU.Build.0 = Debug|Any CPU
		{DFAD515B-02C7-498B-AE3D-D2E61F17B55B}.Release|Any CPU.ActiveCfg = Release|Any CPU
		{DFAD515B-02C7-498B-AE3D-D2E61F17B55B}.Release|Any CPU.Build.0 = Release|Any CPU
	EndGlobalSection
	GlobalSection(SolutionProperties) = preSolution
		HideSolutionNode = FALSE
	EndGlobalSection
	GlobalSection(ExtensibilityGlobals) = postSolution
		SolutionGuid = {8604F486-77B0-4220-880D-1FFF10F12850}
	EndGlobalSection
EndGlobal
